
Microsoft Visual Studio Solution File, Format Version 12.00
Project("{FAE04EC0-301F-11D3-BF4B-00C04F79EFBC}") = "Jbi.TcpLib", "Jbi.TcpLib\Jbi.TcpLib.csproj", "{B3D53503-47C6-4804-9C72-EC0F0E076CB1}"
EndProject
Project("{FAE04EC0-301F-11D3-BF4B-00C04F79EFBC}") = "Jbi.TcpLib.Tests", "Jbi.TcpLib.Tests\Jbi.TcpLib.Tests.csproj", "{B2FC6131-69E5-4A65-85A7-53832EA2C082}"
EndProject
Global
	GlobalSection(SolutionConfigurationPlatforms) = preSolution
		Debug|Any CPU = Debug|Any CPU
		Release|Any CPU = Release|Any CPU
	EndGlobalSection
	GlobalSection(ProjectConfigurationPlatforms) = postSolution
		{B3D53503-47C6-4804-9C72-EC0F0E076CB1}.Debug|Any CPU.ActiveCfg = Debug|Any CPU
		{B3D53503-47C6-4804-9C72-EC0F0E076CB1}.Debug|Any CPU.Build.0 = Debug|Any CPU
		{B3D53503-47C6-4804-9C72-EC0F0E076CB1}.Release|Any CPU.ActiveCfg = Release|Any CPU
		{B3D53503-47C6-4804-9C72-EC0F0E076CB1}.Release|Any CPU.Build.0 = Release|Any CPU
		{B2FC6131-69E5-4A65-85A7-53832EA2C082}.Debug|Any CPU.ActiveCfg = Debug|Any CPU
		{B2FC6131-69E5-4A65-85A7-53832EA2C082}.Debug|Any CPU.Build.0 = Debug|Any CPU
		{B2FC6131-69E5-4A65-85A7-53832EA2C082}.Release|Any CPU.ActiveCfg = Release|Any CPU
		{B2FC6131-69E5-4A65-85A7-53832EA2C082}.Release|Any CPU.Build.0 = Release|Any CPU
	EndGlobalSection
EndGlobal
